
Microsoft Visual Studio Solution File, Format Version 12.00
# Visual Studio Version 17
VisualStudioVersion = 17.1.32328.378
MinimumVisualStudioVersion = 10.0.40219.1
Project("{FAE04EC0-301F-11D3-BF4B-00C04F79EFBC}") = "UserManager", "UserManager\UserManager.csproj", "{AB568AA9-4A8F-4BE6-87F7-E38F6A67D923}"
EndProject
Project("{FAE04EC0-301F-11D3-BF4B-00C04F79EFBC}") = "Domain", "Domain\Domain.csproj", "{4B2AEEAC-9553-41E6-A03C-8BED907857B6}"
EndProject
Project("{FAE04EC0-301F-11D3-BF4B-00C04F79EFBC}") = "DataAccess", "DataAccess\DataAccess.csproj", "{358E61E6-C40A-4491-9182-DC234FE22343}"
EndProject
Global
	GlobalSection(SolutionConfigurationPlatforms) = preSolution
		Debug|Any CPU = Debug|Any CPU
		Release|Any CPU = Release|Any CPU
	EndGlobalSection
	GlobalSection(ProjectConfigurationPlatforms) = postSolution
		{AB568AA9-4A8F-4BE6-87F7-E38F6A67D923}.Debug|Any CPU.ActiveCfg = Debug|Any CPU
		{AB568AA9-4A8F-4BE6-87F7-E38F6A67D923}.Debug|Any CPU.Build.0 = Debug|Any CPU
		{AB568AA9-4A8F-4BE6-87F7-E38F6A67D923}.Release|Any CPU.ActiveCfg = Release|Any CPU
		{AB568AA9-4A8F-4BE6-87F7-E38F6A67D923}.Release|Any CPU.Build.0 = Release|Any CPU
		{4B2AEEAC-9553-41E6-A03C-8BED907857B6}.Debug|Any CPU.ActiveCfg = Debug|Any CPU
		{4B2AEEAC-9553-41E6-A03C-8BED907857B6}.Debug|Any CPU.Build.0 = Debug|Any CPU
		{4B2AEEAC-9553-41E6-A03C-8BED907857B6}.Release|Any CPU.ActiveCfg = Release|Any CPU
		{4B2AEEAC-9553-41E6-A03C-8BED907857B6}.Release|Any CPU.Build.0 = Release|Any CPU
		{358E61E6-C40A-4491-9182-DC234FE22343}.Debug|Any CPU.ActiveCfg = Debug|Any CPU
		{358E61E6-C40A-4491-9182-DC234FE22343}.Debug|Any CPU.Build.0 = Debug|Any CPU
		{358E61E6-C40A-4491-9182-DC234FE22343}.Release|Any CPU.ActiveCfg = Release|Any CPU
		{358E61E6-C40A-4491-9182-DC234FE22343}.Release|Any CPU.Build.0 = Release|Any CPU
	EndGlobalSection
	GlobalSection(SolutionProperties) = preSolution
		HideSolutionNode = FALSE
	EndGlobalSection
	GlobalSection(ExtensibilityGlobals) = postSolution
		SolutionGuid = {8C630A5D-E262-49F4-A66E-CE84B06075D2}
	EndGlobalSection
EndGlobal
